
Microsoft Visual Studio Solution File, Format Version 12.00
# Visual Studio Version 17
VisualStudioVersion = 17.0.31903.59
MinimumVisualStudioVersion = 10.0.40219.1
Project("{FAE04EC0-301F-11D3-BF4B-00C04F79EFBC}") = "SIMS.Core", "sims\SIMS.Core.csproj", "{A1083600-11D0-4953-9CE7-327E59F32F75}"
EndProject
Project("{2150E333-8FDC-42A3-9474-1A3956D46DE8}") = "Projektmappenelemente", "Projektmappenelemente", "{84D27F74-D2BA-6C25-2661-968F101900D9}"
	ProjectSection(SolutionItems) = preProject
		README.md = README.md
	EndProjectSection
EndProject
Project("{FAE04EC0-301F-11D3-BF4B-00C04F79EFBC}") = "SIMS.Web", "SIMS.Web1\SIMS.Web.csproj", "{282C3827-E7F5-4430-9F53-E5AB5F7E8081}"
EndProject
Project("{FAE04EC0-301F-11D3-BF4B-00C04F79EFBC}") = "SIMS.API", "SIMS.API\SIMS.API.csproj", "{9C750BEB-E482-4345-AB73-12070B9589DB}"
EndProject
Global
	GlobalSection(SolutionConfigurationPlatforms) = preSolution
		Debug|Any CPU = Debug|Any CPU
		Debug|x64 = Debug|x64
		Debug|x86 = Debug|x86
		Release|Any CPU = Release|Any CPU
		Release|x64 = Release|x64
		Release|x86 = Release|x86
	EndGlobalSection
	GlobalSection(ProjectConfigurationPlatforms) = postSolution
		{A1083600-11D0-4953-9CE7-327E59F32F75}.Debug|Any CPU.ActiveCfg = Debug|Any CPU
		{A1083600-11D0-4953-9CE7-327E59F32F75}.Debug|Any CPU.Build.0 = Debug|Any CPU
		{A1083600-11D0-4953-9CE7-327E59F32F75}.Debug|x64.ActiveCfg = Debug|Any CPU
		{A1083600-11D0-4953-9CE7-327E59F32F75}.Debug|x64.Build.0 = Debug|Any CPU
		{A1083600-11D0-4953-9CE7-327E59F32F75}.Debug|x86.ActiveCfg = Debug|Any CPU
		{A1083600-11D0-4953-9CE7-327E59F32F75}.Debug|x86.Build.0 = Debug|Any CPU
		{A1083600-11D0-4953-9CE7-327E59F32F75}.Release|Any CPU.ActiveCfg = Release|Any CPU
		{A1083600-11D0-4953-9CE7-327E59F32F75}.Release|Any CPU.Build.0 = Release|Any CPU
		{A1083600-11D0-4953-9CE7-327E59F32F75}.Release|x64.ActiveCfg = Release|Any CPU
		{A1083600-11D0-4953-9CE7-327E59F32F75}.Release|x64.Build.0 = Release|Any CPU
		{A1083600-11D0-4953-9CE7-327E59F32F75}.Release|x86.ActiveCfg = Release|Any CPU
		{A1083600-11D0-4953-9CE7-327E59F32F75}.Release|x86.Build.0 = Release|Any CPU
		{282C3827-E7F5-4430-9F53-E5AB5F7E8081}.Debug|Any CPU.ActiveCfg = Debug|Any CPU
		{282C3827-E7F5-4430-9F53-E5AB5F7E8081}.Debug|Any CPU.Build.0 = Debug|Any CPU
		{282C3827-E7F5-4430-9F53-E5AB5F7E8081}.Debug|x64.ActiveCfg = Debug|Any CPU
		{282C3827-E7F5-4430-9F53-E5AB5F7E8081}.Debug|x64.Build.0 = Debug|Any CPU
		{282C3827-E7F5-4430-9F53-E5AB5F7E8081}.Debug|x86.ActiveCfg = Debug|Any CPU
		{282C3827-E7F5-4430-9F53-E5AB5F7E8081}.Debug|x86.Build.0 = Debug|Any CPU
		{282C3827-E7F5-4430-9F53-E5AB5F7E8081}.Release|Any CPU.ActiveCfg = Release|Any CPU
		{282C3827-E7F5-4430-9F53-E5AB5F7E8081}.Release|Any CPU.Build.0 = Release|Any CPU
		{282C3827-E7F5-4430-9F53-E5AB5F7E8081}.Release|x64.ActiveCfg = Release|Any CPU
		{282C3827-E7F5-4430-9F53-E5AB5F7E8081}.Release|x64.Build.0 = Release|Any CPU
		{282C3827-E7F5-4430-9F53-E5AB5F7E8081}.Release|x86.ActiveCfg = Release|Any CPU
		{282C3827-E7F5-4430-9F53-E5AB5F7E8081}.Release|x86.Build.0 = Release|Any CPU
		{9C750BEB-E482-4345-AB73-12070B9589DB}.Debug|Any CPU.ActiveCfg = Debug|Any CPU
		{9C750BEB-E482-4345-AB73-12070B9589DB}.Debug|Any CPU.Build.0 = Debug|Any CPU
		{9C750BEB-E482-4345-AB73-12070B9589DB}.Debug|x64.ActiveCfg = Debug|Any CPU
		{9C750BEB-E482-4345-AB73-12070B9589DB}.Debug|x64.Build.0 = Debug|Any CPU
		{9C750BEB-E482-4345-AB73-12070B9589DB}.Debug|x86.ActiveCfg = Debug|Any CPU
		{9C750BEB-E482-4345-AB73-12070B9589DB}.Debug|x86.Build.0 = Debug|Any CPU
		{9C750BEB-E482-4345-AB73-12070B9589DB}.Release|Any CPU.ActiveCfg = Release|Any CPU
		{9C750BEB-E482-4345-AB73-12070B9589DB}.Release|Any CPU.Build.0 = Release|Any CPU
		{9C750BEB-E482-4345-AB73-12070B9589DB}.Release|x64.ActiveCfg = Release|Any CPU
		{9C750BEB-E482-4345-AB73-12070B9589DB}.Release|x64.Build.0 = Release|Any CPU
		{9C750BEB-E482-4345-AB73-12070B9589DB}.Release|x86.ActiveCfg = Release|Any CPU
		{9C750BEB-E482-4345-AB73-12070B9589DB}.Release|x86.Build.0 = Release|Any CPU
	EndGlobalSection
	GlobalSection(SolutionProperties) = preSolution
		HideSolutionNode = FALSE
	EndGlobalSection
	GlobalSection(ExtensibilityGlobals) = postSolution
		SolutionGuid = {37453A3B-1341-412F-BAD4-E8E003EEB8EA}
	EndGlobalSection
EndGlobal
